<?xml version="1.0" encoding="utf-8"?>
<Project ToolsVersion="4.0" xmlns="http://schemas.microsoft.com/developer/msbuild/2003">
  <ItemGroup>
    <ClCompile Include="dllmain.c" />
    <ClCompile Include="waveutil.cpp" />
    <ClCompile Include="videoutil.cpp" />
    <ClCompile Include="videoutil_libyuv_x86.cpp" />
  </ItemGroup>
</Project>